
Microsoft Visual Studio Solution File, Format Version 12.00
# Visual Studio Version 16
VisualStudioVersion = 16.0.30907.101
MinimumVisualStudioVersion = 10.0.40219.1
Project("{9A19103F-16F7-4668-BE54-9A1E7A4F7556}") = "MultiCipherForDocs", "MultiCipherForDocs\MultiCipherForDocs.csproj", "{30340C03-7A83-41F4-A7C4-FC8E234DCD86}"
EndProject
Global
	GlobalSection(SolutionConfigurationPlatforms) = preSolution
		Debug|Any CPU = Debug|Any CPU
		Release|Any CPU = Release|Any CPU
	EndGlobalSection
	GlobalSection(ProjectConfigurationPlatforms) = postSolution
		{30340C03-7A83-41F4-A7C4-FC8E234DCD86}.Debug|Any CPU.ActiveCfg = Debug|Any CPU
		{30340C03-7A83-41F4-A7C4-FC8E234DCD86}.Debug|Any CPU.Build.0 = Debug|Any CPU
		{30340C03-7A83-41F4-A7C4-FC8E234DCD86}.Release|Any CPU.ActiveCfg = Release|Any CPU
		{30340C03-7A83-41F4-A7C4-FC8E234DCD86}.Release|Any CPU.Build.0 = Release|Any CPU
	EndGlobalSection
	GlobalSection(SolutionProperties) = preSolution
		HideSolutionNode = FALSE
	EndGlobalSection
	GlobalSection(ExtensibilityGlobals) = postSolution
		SolutionGuid = {B2637B42-1310-47E3-96CB-51182B53FF1E}
	EndGlobalSection
EndGlobal
